
Microsoft Visual Studio Solution File, Format Version 12.00
# Visual Studio Version 17
VisualStudioVersion = 17.8.34112.27
MinimumVisualStudioVersion = 10.0.40219.1
Project("{8BC9CEB8-8B4A-11D0-8D11-00A0C91BC942}") = "drivedotshield", "drivedotshield.vcxproj", "{8C475569-A904-4535-B32D-098BBB16554A}"
EndProject
Global
	GlobalSection(SolutionConfigurationPlatforms) = preSolution
		Debug|ARM64 = Debug|ARM64
		Debug|x64 = Debug|x64
		Debug|x86 = Debug|x86
		Release|ARM64 = Release|ARM64
		Release|x64 = Release|x64
		Release|x86 = Release|x86
	EndGlobalSection
	GlobalSection(ProjectConfigurationPlatforms) = postSolution
		{8C475569-A904-4535-B32D-098BBB16554A}.Debug|ARM64.ActiveCfg = Debug|ARM64
		{8C475569-A904-4535-B32D-098BBB16554A}.Debug|ARM64.Build.0 = Debug|ARM64
		{8C475569-A904-4535-B32D-098BBB16554A}.Debug|x64.ActiveCfg = Debug|x64
		{8C475569-A904-4535-B32D-098BBB16554A}.Debug|x64.Build.0 = Debug|x64
		{8C475569-A904-4535-B32D-098BBB16554A}.Debug|x86.ActiveCfg = Debug|Win32
		{8C475569-A904-4535-B32D-098BBB16554A}.Debug|x86.Build.0 = Debug|Win32
		{8C475569-A904-4535-B32D-098BBB16554A}.Release|ARM64.ActiveCfg = Release|ARM64
		{8C475569-A904-4535-B32D-098BBB16554A}.Release|ARM64.Build.0 = Release|ARM64
		{8C475569-A904-4535-B32D-098BBB16554A}.Release|x64.ActiveCfg = Release|x64
		{8C475569-A904-4535-B32D-098BBB16554A}.Release|x64.Build.0 = Release|x64
		{8C475569-A904-4535-B32D-098BBB16554A}.Release|x86.ActiveCfg = Release|Win32
		{8C475569-A904-4535-B32D-098BBB16554A}.Release|x86.Build.0 = Release|Win32
	EndGlobalSection
	GlobalSection(SolutionProperties) = preSolution
		HideSolutionNode = FALSE
	EndGlobalSection
	GlobalSection(ExtensibilityGlobals) = postSolution
		SolutionGuid = {35F0E385-845C-4EEA-8F28-9B56C7579AA0}
	EndGlobalSection
EndGlobal
